
Microsoft Visual Studio Solution File, Format Version 12.00
# Visual Studio Version 17
VisualStudioVersion = 17.9.34622.214
MinimumVisualStudioVersion = 10.0.40219.1
Project("{FAE04EC0-301F-11D3-BF4B-00C04F79EFBC}") = "MdbusNServerMaster", "MdbusNServerMaster.csproj", "{DC4328D9-D06F-46FB-8436-3C3637390D7D}"
EndProject
Global
	GlobalSection(SolutionConfigurationPlatforms) = preSolution
		Debug|Any CPU = Debug|Any CPU
		Release|Any CPU = Release|Any CPU
	EndGlobalSection
	GlobalSection(ProjectConfigurationPlatforms) = postSolution
		{DC4328D9-D06F-46FB-8436-3C3637390D7D}.Debug|Any CPU.ActiveCfg = Debug|Any CPU
		{DC4328D9-D06F-46FB-8436-3C3637390D7D}.Debug|Any CPU.Build.0 = Debug|Any CPU
		{DC4328D9-D06F-46FB-8436-3C3637390D7D}.Release|Any CPU.ActiveCfg = Release|Any CPU
		{DC4328D9-D06F-46FB-8436-3C3637390D7D}.Release|Any CPU.Build.0 = Release|Any CPU
	EndGlobalSection
	GlobalSection(SolutionProperties) = preSolution
		HideSolutionNode = FALSE
	EndGlobalSection
	GlobalSection(ExtensibilityGlobals) = postSolution
		SolutionGuid = {FAEE72C7-0504-4D38-8B8A-B0A5F75384D9}
	EndGlobalSection
EndGlobal
